
Microsoft Visual Studio Solution File, Format Version 12.00
# Visual Studio Version 17
VisualStudioVersion = 17.4.33205.214
MinimumVisualStudioVersion = 10.0.40219.1
Project("{2150E333-8FDC-42A3-9474-1A3956D46DE8}") = "1-PresentationLayer", "1-PresentationLayer", "{73FFCE7D-56B7-44B7-99F3-06416FDFBB9F}"
EndProject
Project("{9A19103F-16F7-4668-BE54-9A1E7A4F7556}") = "CommonApi.Api", "src\1-PresentationLayer\CommonApi.Api\CommonApi.Api.csproj", "{1B4A5494-CDA5-40D4-AB48-35469F8592DD}"
EndProject
Project("{2150E333-8FDC-42A3-9474-1A3956D46DE8}") = "2-BusinessLayer", "2-BusinessLayer", "{49DE6C63-4EA9-4DD8-B256-F129C0AC5ACD}"
EndProject
Project("{2150E333-8FDC-42A3-9474-1A3956D46DE8}") = "3-DataLayer", "3-DataLayer", "{61B755B2-BD1C-4618-B7C1-8370AB58543E}"
EndProject
Project("{2150E333-8FDC-42A3-9474-1A3956D46DE8}") = "4-EntityLayer", "4-EntityLayer", "{9D49363F-D9D3-4762-8936-8284DC246719}"
EndProject
Project("{2150E333-8FDC-42A3-9474-1A3956D46DE8}") = "6-CommonLayer", "6-CommonLayer", "{278C847A-D695-45E3-B47A-32D5BDD012EC}"
EndProject
Project("{9A19103F-16F7-4668-BE54-9A1E7A4F7556}") = "CommonApi.Business", "src\2-BusinessLayer\CommonApi.Business\CommonApi.Business.csproj", "{0343E049-75C0-47E0-B5A4-E7C9E5AE424F}"
EndProject
Project("{9A19103F-16F7-4668-BE54-9A1E7A4F7556}") = "CommonApi.Repository", "src\3-DataLayer\CommonApi.Repository\CommonApi.Repository.csproj", "{0FA6AABB-2E24-4C48-A987-9A423E974393}"
EndProject
Project("{9A19103F-16F7-4668-BE54-9A1E7A4F7556}") = "CommonApi.Entity", "src\4-EntityLayer\CommonApi.Entity\CommonApi.Entity.csproj", "{6C0F243E-C25A-4279-B8BC-A89A3B296733}"
EndProject
Project("{9A19103F-16F7-4668-BE54-9A1E7A4F7556}") = "CommonApi.DTO", "src\4-EntityLayer\CommonApi.DTO\CommonApi.DTO.csproj", "{0A33852C-9824-4020-88EF-CF3809AAD123}"
EndProject
Project("{9A19103F-16F7-4668-BE54-9A1E7A4F7556}") = "CommonApi.Validation", "src\3-DataLayer\CommonApi.Validation\CommonApi.Validation.csproj", "{722B5BAA-D431-4B0B-B159-9048F27BBBA3}"
EndProject
Project("{9A19103F-16F7-4668-BE54-9A1E7A4F7556}") = "CommonApi.Mapper", "src\3-DataLayer\CommonApi.Mapper\CommonApi.Mapper.csproj", "{A89CEDAA-81CA-4DFD-85CA-638606DE7797}"
EndProject
Project("{9A19103F-16F7-4668-BE54-9A1E7A4F7556}") = "CommonApi.Common", "src\1-PresentationLayer\CommonApi.Common\CommonApi.Common.csproj", "{5C055A2F-AF83-41E1-B9E4-FA72A478C970}"
EndProject
Project("{2150E333-8FDC-42A3-9474-1A3956D46DE8}") = "0-Soultion Items", "0-Soultion Items", "{3C6CD9F0-E739-44ED-B7B7-F54CBA1574B2}"
	ProjectSection(SolutionItems) = preProject
		.editorconfig = .editorconfig
		.gitattributes = .gitattributes
		.gitignore = .gitignore
		Directory.Build.props = Directory.Build.props
		Directory.Build.targets = Directory.Build.targets
		.template.config\dotnetcli.host.json = .template.config\dotnetcli.host.json
		.template.config\ide.host.json = .template.config\ide.host.json
		README.md = README.md
		.template.config\template.json = .template.config\template.json
	EndProjectSection
EndProject
Project("{2150E333-8FDC-42A3-9474-1A3956D46DE8}") = "5-DataBaseLayer", "5-DataBaseLayer", "{8B87840F-C08B-48C1-9913-3225F71CF397}"
EndProject
Project("{9A19103F-16F7-4668-BE54-9A1E7A4F7556}") = "CommonApi.Util", "src\6-CommonLayer\CommonApi.Util\CommonApi.Util.csproj", "{17688033-4E06-43BC-A2C7-2A5A1F6C64C2}"
EndProject
Project("{9A19103F-16F7-4668-BE54-9A1E7A4F7556}") = "CommonApi.Dapper", "src\5-DataBaseLayer\CommonApi.Dapper\CommonApi.Dapper.csproj", "{18C7CFCE-E875-410B-87A7-FDD43C51E42D}"
EndProject
Project("{9A19103F-16F7-4668-BE54-9A1E7A4F7556}") = "CommonApi.DataBase.Contracts", "src\5-DataBaseLayer\CommonApi.DataBase.Contracts\CommonApi.DataBase.Contracts.csproj", "{FDF8FB4F-D7EE-4566-BBFB-8A936E7DC45D}"
EndProject
Project("{9A19103F-16F7-4668-BE54-9A1E7A4F7556}") = "CommonApi.Mysql", "src\5-DataBaseLayer\CommonApi.Mysql\CommonApi.Mysql.csproj", "{C88D414A-0A18-4725-88F0-856F05A32D76}"
EndProject
Project("{9A19103F-16F7-4668-BE54-9A1E7A4F7556}") = "CommonApi.Sqlite", "src\5-DataBaseLayer\CommonApi.Sqlite\CommonApi.Sqlite.csproj", "{538AD0A7-6523-48C5-BAD5-B603F4AC1BFA}"
EndProject
Global
	GlobalSection(SolutionConfigurationPlatforms) = preSolution
		Debug|Any CPU = Debug|Any CPU
		Release|Any CPU = Release|Any CPU
	EndGlobalSection
	GlobalSection(ProjectConfigurationPlatforms) = postSolution
		{1B4A5494-CDA5-40D4-AB48-35469F8592DD}.Debug|Any CPU.ActiveCfg = Debug|Any CPU
		{1B4A5494-CDA5-40D4-AB48-35469F8592DD}.Debug|Any CPU.Build.0 = Debug|Any CPU
		{1B4A5494-CDA5-40D4-AB48-35469F8592DD}.Release|Any CPU.ActiveCfg = Release|Any CPU
		{1B4A5494-CDA5-40D4-AB48-35469F8592DD}.Release|Any CPU.Build.0 = Release|Any CPU
		{0343E049-75C0-47E0-B5A4-E7C9E5AE424F}.Debug|Any CPU.ActiveCfg = Debug|Any CPU
		{0343E049-75C0-47E0-B5A4-E7C9E5AE424F}.Debug|Any CPU.Build.0 = Debug|Any CPU
		{0343E049-75C0-47E0-B5A4-E7C9E5AE424F}.Release|Any CPU.ActiveCfg = Release|Any CPU
		{0343E049-75C0-47E0-B5A4-E7C9E5AE424F}.Release|Any CPU.Build.0 = Release|Any CPU
		{0FA6AABB-2E24-4C48-A987-9A423E974393}.Debug|Any CPU.ActiveCfg = Debug|Any CPU
		{0FA6AABB-2E24-4C48-A987-9A423E974393}.Debug|Any CPU.Build.0 = Debug|Any CPU
		{0FA6AABB-2E24-4C48-A987-9A423E974393}.Release|Any CPU.ActiveCfg = Release|Any CPU
		{0FA6AABB-2E24-4C48-A987-9A423E974393}.Release|Any CPU.Build.0 = Release|Any CPU
		{6C0F243E-C25A-4279-B8BC-A89A3B296733}.Debug|Any CPU.ActiveCfg = Debug|Any CPU
		{6C0F243E-C25A-4279-B8BC-A89A3B296733}.Debug|Any CPU.Build.0 = Debug|Any CPU
		{6C0F243E-C25A-4279-B8BC-A89A3B296733}.Release|Any CPU.ActiveCfg = Release|Any CPU
		{6C0F243E-C25A-4279-B8BC-A89A3B296733}.Release|Any CPU.Build.0 = Release|Any CPU
		{0A33852C-9824-4020-88EF-CF3809AAD123}.Debug|Any CPU.ActiveCfg = Debug|Any CPU
		{0A33852C-9824-4020-88EF-CF3809AAD123}.Debug|Any CPU.Build.0 = Debug|Any CPU
		{0A33852C-9824-4020-88EF-CF3809AAD123}.Release|Any CPU.ActiveCfg = Release|Any CPU
		{0A33852C-9824-4020-88EF-CF3809AAD123}.Release|Any CPU.Build.0 = Release|Any CPU
		{722B5BAA-D431-4B0B-B159-9048F27BBBA3}.Debug|Any CPU.ActiveCfg = Debug|Any CPU
		{722B5BAA-D431-4B0B-B159-9048F27BBBA3}.Debug|Any CPU.Build.0 = Debug|Any CPU
		{722B5BAA-D431-4B0B-B159-9048F27BBBA3}.Release|Any CPU.ActiveCfg = Release|Any CPU
		{722B5BAA-D431-4B0B-B159-9048F27BBBA3}.Release|Any CPU.Build.0 = Release|Any CPU
		{A89CEDAA-81CA-4DFD-85CA-638606DE7797}.Debug|Any CPU.ActiveCfg = Debug|Any CPU
		{A89CEDAA-81CA-4DFD-85CA-638606DE7797}.Debug|Any CPU.Build.0 = Debug|Any CPU
		{A89CEDAA-81CA-4DFD-85CA-638606DE7797}.Release|Any CPU.ActiveCfg = Release|Any CPU
		{A89CEDAA-81CA-4DFD-85CA-638606DE7797}.Release|Any CPU.Build.0 = Release|Any CPU
		{5C055A2F-AF83-41E1-B9E4-FA72A478C970}.Debug|Any CPU.ActiveCfg = Debug|Any CPU
		{5C055A2F-AF83-41E1-B9E4-FA72A478C970}.Debug|Any CPU.Build.0 = Debug|Any CPU
		{5C055A2F-AF83-41E1-B9E4-FA72A478C970}.Release|Any CPU.ActiveCfg = Release|Any CPU
		{5C055A2F-AF83-41E1-B9E4-FA72A478C970}.Release|Any CPU.Build.0 = Release|Any CPU
		{17688033-4E06-43BC-A2C7-2A5A1F6C64C2}.Debug|Any CPU.ActiveCfg = Debug|Any CPU
		{17688033-4E06-43BC-A2C7-2A5A1F6C64C2}.Debug|Any CPU.Build.0 = Debug|Any CPU
		{17688033-4E06-43BC-A2C7-2A5A1F6C64C2}.Release|Any CPU.ActiveCfg = Release|Any CPU
		{17688033-4E06-43BC-A2C7-2A5A1F6C64C2}.Release|Any CPU.Build.0 = Release|Any CPU
		{18C7CFCE-E875-410B-87A7-FDD43C51E42D}.Debug|Any CPU.ActiveCfg = Debug|Any CPU
		{18C7CFCE-E875-410B-87A7-FDD43C51E42D}.Debug|Any CPU.Build.0 = Debug|Any CPU
		{18C7CFCE-E875-410B-87A7-FDD43C51E42D}.Release|Any CPU.ActiveCfg = Release|Any CPU
		{18C7CFCE-E875-410B-87A7-FDD43C51E42D}.Release|Any CPU.Build.0 = Release|Any CPU
		{FDF8FB4F-D7EE-4566-BBFB-8A936E7DC45D}.Debug|Any CPU.ActiveCfg = Debug|Any CPU
		{FDF8FB4F-D7EE-4566-BBFB-8A936E7DC45D}.Debug|Any CPU.Build.0 = Debug|Any CPU
		{FDF8FB4F-D7EE-4566-BBFB-8A936E7DC45D}.Release|Any CPU.ActiveCfg = Release|Any CPU
		{FDF8FB4F-D7EE-4566-BBFB-8A936E7DC45D}.Release|Any CPU.Build.0 = Release|Any CPU
		{C88D414A-0A18-4725-88F0-856F05A32D76}.Debug|Any CPU.ActiveCfg = Debug|Any CPU
		{C88D414A-0A18-4725-88F0-856F05A32D76}.Debug|Any CPU.Build.0 = Debug|Any CPU
		{C88D414A-0A18-4725-88F0-856F05A32D76}.Release|Any CPU.ActiveCfg = Release|Any CPU
		{C88D414A-0A18-4725-88F0-856F05A32D76}.Release|Any CPU.Build.0 = Release|Any CPU
		{538AD0A7-6523-48C5-BAD5-B603F4AC1BFA}.Debug|Any CPU.ActiveCfg = Debug|Any CPU
		{538AD0A7-6523-48C5-BAD5-B603F4AC1BFA}.Debug|Any CPU.Build.0 = Debug|Any CPU
		{538AD0A7-6523-48C5-BAD5-B603F4AC1BFA}.Release|Any CPU.ActiveCfg = Release|Any CPU
		{538AD0A7-6523-48C5-BAD5-B603F4AC1BFA}.Release|Any CPU.Build.0 = Release|Any CPU
	EndGlobalSection
	GlobalSection(SolutionProperties) = preSolution
		HideSolutionNode = FALSE
	EndGlobalSection
	GlobalSection(NestedProjects) = preSolution
		{1B4A5494-CDA5-40D4-AB48-35469F8592DD} = {73FFCE7D-56B7-44B7-99F3-06416FDFBB9F}
		{0343E049-75C0-47E0-B5A4-E7C9E5AE424F} = {49DE6C63-4EA9-4DD8-B256-F129C0AC5ACD}
		{0FA6AABB-2E24-4C48-A987-9A423E974393} = {61B755B2-BD1C-4618-B7C1-8370AB58543E}
		{6C0F243E-C25A-4279-B8BC-A89A3B296733} = {9D49363F-D9D3-4762-8936-8284DC246719}
		{0A33852C-9824-4020-88EF-CF3809AAD123} = {9D49363F-D9D3-4762-8936-8284DC246719}
		{722B5BAA-D431-4B0B-B159-9048F27BBBA3} = {61B755B2-BD1C-4618-B7C1-8370AB58543E}
		{A89CEDAA-81CA-4DFD-85CA-638606DE7797} = {61B755B2-BD1C-4618-B7C1-8370AB58543E}
		{5C055A2F-AF83-41E1-B9E4-FA72A478C970} = {73FFCE7D-56B7-44B7-99F3-06416FDFBB9F}
		{17688033-4E06-43BC-A2C7-2A5A1F6C64C2} = {278C847A-D695-45E3-B47A-32D5BDD012EC}
		{18C7CFCE-E875-410B-87A7-FDD43C51E42D} = {8B87840F-C08B-48C1-9913-3225F71CF397}
		{FDF8FB4F-D7EE-4566-BBFB-8A936E7DC45D} = {8B87840F-C08B-48C1-9913-3225F71CF397}
		{C88D414A-0A18-4725-88F0-856F05A32D76} = {8B87840F-C08B-48C1-9913-3225F71CF397}
		{538AD0A7-6523-48C5-BAD5-B603F4AC1BFA} = {8B87840F-C08B-48C1-9913-3225F71CF397}
	EndGlobalSection
	GlobalSection(ExtensibilityGlobals) = postSolution
		SolutionGuid = {765BD8DB-E427-49B2-AAAC-614E60AC2717}
	EndGlobalSection
EndGlobal
